akr-lock 0.1
project save-your-skin

# Generated by `akr build`. Do not edit. Regenerate on conflict; never hand-merge.
#
# Illustrative hashes: every digest in this design set is sha256 of the identifier
# string itself, not of record content. See spec/schema/akr-lock.md section 5.
build {
    tool "akr 0.1.0"
    grammar "0.1"
    vocabulary "0.1"
    commit git:e806b3f54a2d7091c5e13b8a26f490dc7b135e64
    source_graph "sha256:14b201b2fd6796229868ebceed99c6a36153cde8d0c4527c8a81af21faa4a817"
    built_at 2026-08-03T09:14:00Z
}

source ".akr/archive/sys/policies-archived.akr" {
    hash "sha256:b0667c936b98e46afae703ddf8424b251a1b0faef328108ae7660a4658d8bcf1"
    records 1
}

source ".akr/project.akr" {
    hash "sha256:52453eaa28a9134f1e073fbe67432628019038154dc1dd48849191fe3ffe4855"
    records 0
}

source ".akr/records/lege/decisions.akr" {
    hash "sha256:521967c6749d9e388e05d523eb2c2f12b71cc8f973b68c07025b9e188d5eeb10"
    records 2
}

source ".akr/records/lege/evidence.akr" {
    hash "sha256:4b96700016933d983dde171a8215ae334e77ca482dc39059f4512ccabc96d6c1"
    records 1
}

source ".akr/records/lege/observations.akr" {
    hash "sha256:fb34a5fce0cf391500a204df3941529bb8a3bf8ceb8e38190d1fc49a4d5baaa3"
    records 2
}

source ".akr/records/lege/questions.akr" {
    hash "sha256:9cc3aef339a84d063dd76d12f8fbf4098ee61f594cc1dd4fb2ff6e294dbb11c4"
    records 1
}

source ".akr/records/lege/requirements.akr" {
    hash "sha256:5b85a4bd80ea3e14e2bc8e3d43d761a3ae4d8de52872d08fb71afc79854953f6"
    records 1
}

source ".akr/records/lege/terms.akr" {
    hash "sha256:1f7c2613ab4c21d0bfbdd6221a3c9f03ae7c62bc9c30467e2eb3f7bcde389bd7"
    records 1
}

source ".akr/records/lege/work.akr" {
    hash "sha256:736fa681574045c5b88a24bcf16e73a39a329d7a29ae560566c210d2cef55a35"
    records 1
}

source ".akr/records/sim/decisions.akr" {
    hash "sha256:98ca1b247055f2a79924e85fa5c05f02cba040a51584a5cf725bc68718d2327e"
    records 1
}

source ".akr/records/sim/evidence.akr" {
    hash "sha256:2bc1d4a19e257fa6bd1baf0cf6c2501104ffbad76e286305030c59f83646e11e"
    records 1
}

source ".akr/records/sim/observations.akr" {
    hash "sha256:e9c7bebfa14bd30610d83aa5d078693cf09006138bb810363bd9fa32507537cc"
    records 2
}

source ".akr/records/sim/questions.akr" {
    hash "sha256:b2cf6d206681824acb5e91bf7d7e0ca3987e80538a31c7048e49442beda4f4c1"
    records 1
}

source ".akr/records/sim/requirements.akr" {
    hash "sha256:d621be48f623dcfd54e8a4f0d2eb580dd9d35670f4d90f258e393dd9d027ddda"
    records 1
}

source ".akr/records/sim/work.akr" {
    hash "sha256:225a8f30275596313c221f30e412750a5ad2a8c6f32252a4ceee3bf11af8a6d0"
    records 1
}

source ".akr/records/sys/assessments.akr" {
    hash "sha256:dc2bb1323719a8fe575dc7fd455cb153f15b00ad9f4bd4fa523dee41278749fb"
    records 2
}

source ".akr/records/sys/constraints.akr" {
    hash "sha256:1e3ec835c926f17422e95e98d64142da0184a6aa55a8fb56dfad20ed4b0e38c0"
    records 2
}

source ".akr/records/sys/decisions.akr" {
    hash "sha256:420fea7803a85db4fa4ff6661df6780a1803adf4f7b1a3c2cef22b16687b79ea"
    records 1
}

source ".akr/records/sys/evidence.akr" {
    hash "sha256:0deb117f0c738bbbfae93982d0f66055dd1b9a73d3563792618266e21b473b53"
    records 1
}

source ".akr/records/sys/milestones.akr" {
    hash "sha256:1853e086e905e23b81a8c3301f05833ba06c9958c35685ee7b3764140f11fe03"
    records 5
}

source ".akr/records/sys/policies.akr" {
    hash "sha256:ee2557459c2c85d6e29828e260202cf7b6616f11b9624d8b86245a0a2075daec"
    records 2
}

source ".akr/records/sys/questions.akr" {
    hash "sha256:729eabd3c9013b320fdd20ba6998eec7fb2bb7a51953f210fd27fc9fe4fb1de2"
    records 1
}

source ".akr/records/sys/requirements.akr" {
    hash "sha256:8c49a7c6fe68c02ba12aaf6e7125e4f219b16731c02c496bf14ceca96d34015f"
    records 1
}

source ".akr/records/sys/terms.akr" {
    hash "sha256:db48adf01817461e991fbdd942de201f9a90ef8c55534858405630eaf5f36517"
    records 2
}

source ".akr/records/sys/tracks.akr" {
    hash "sha256:005d2fe11c01c64e2acdaf21f689adc75d7c0139c95e37ac7207a56c7fb0b97c"
    records 3
}

source ".akr/records/sys/work.akr" {
    hash "sha256:ceeb52b6431e80f91bcdab3996dd22add25ea15e9ff8e2143b106079b0af9e58"
    records 5
}

resolution @lege.decision.renderer-boundary/2 {
    slot implements
    to @lege.req.no-engine-types-in-viewer/1
    hash "sha256:603a33db27af561b7c2d5c08372a7f303e240e4cf0307a4a45ec33bbbbb199a7"
}

resolution @lege.decision.renderer-boundary/2 {
    slot resolves
    to @lege.question.text-rendering-owner/1
    hash "sha256:6e93529ad81704f5724ee6e4981ecd7e80f8d6b9c08aea6b7660ab1fcfb30553"
}

resolution @lege.decision.renderer-boundary/2 {
    slot supported_by
    to @lege.evidence.boundary-lint-pass/1
    hash "sha256:6aa08e12ddcc29f4d89499461a40fd8d8972bbaa85fc9e40994f6204cff085a5"
}

resolution @lege.req.no-engine-types-in-viewer/1 {
    slot depends_on
    to @lege.term.renderer-boundary/1
    hash "sha256:a725d141974d111440ad9e4d81bc5e59de4e1fa1cfbf936d48bba64addc0d565"
}

resolution @lege.req.no-engine-types-in-viewer/1 {
    slot verified_by
    to @lege.evidence.boundary-lint-pass/1
    hash "sha256:6aa08e12ddcc29f4d89499461a40fd8d8972bbaa85fc9e40994f6204cff085a5"
}

resolution @lege.work.extract-render-graph/1 {
    slot depends_on
    to @lege.decision.renderer-boundary/2
    hash "sha256:8223870cdc4e1c57619c88a94358f62c758f8491a760fae3d31ad92df397ce7c"
}

resolution @lege.work.extract-render-graph/1 {
    slot implements
    to @lege.req.no-engine-types-in-viewer/1
    hash "sha256:603a33db27af561b7c2d5c08372a7f303e240e4cf0307a4a45ec33bbbbb199a7"
}

resolution @lege.work.extract-render-graph/1 {
    slot part_of
    to @sys.milestone.m3-playable-day/1
    hash "sha256:0c2ead5dc00858b7e246209ca9a790cd51817dcd3eb63b2320ffeda7ea0a1a7e"
}

resolution @sim.decision.timestep-4ms/1 {
    slot depends_on
    to @sys.constraint.frame-budget-16ms/1
    hash "sha256:e46ae45146cb4b9e80dc51486484767759b5872f0c29ca6bc3c6c17f02f38061"
}

resolution @sim.decision.timestep-4ms/1 {
    slot implements
    to @sim.req.fixed-timestep/1
    hash "sha256:226f6bb356120de7257b67f72e34621ab28d8e7936eef62bbb3ba3b9ce750743"
}

resolution @sim.question.timestep-vs-budget/1 {
    slot blocks
    to @sim.decision.timestep-4ms/1
    hash "sha256:18b20695a54872cb20ab11f3dca754fd8b5468be20ed17edb87bdce98926d41e"
}

resolution @sim.question.timestep-vs-budget/1 {
    slot blocks
    to @sim.work.rewrite-projection/1
    hash "sha256:41f7bd37ef4d34e2f0ae18799549e54f38e3fb1ebf3398b06de22906dddd6ca0"
}

resolution @sim.question.timestep-vs-budget/1 {
    slot depends_on
    to @sys.constraint.frame-budget-16ms/1
    hash "sha256:e46ae45146cb4b9e80dc51486484767759b5872f0c29ca6bc3c6c17f02f38061"
}

resolution @sim.req.fixed-timestep/1 {
    slot depends_on
    to @sys.constraint.frame-budget-16ms/1
    hash "sha256:e46ae45146cb4b9e80dc51486484767759b5872f0c29ca6bc3c6c17f02f38061"
}

resolution @sim.req.fixed-timestep/1 {
    slot depends_on
    to @sys.req.deterministic-sim/1
    hash "sha256:f40fb03ae6e7d83e4a9f03df9e30b323b32a97a0e8a110d00f55222ca477b543"
}

resolution @sim.work.rewrite-projection/1 {
    slot depends_on
    to @sim.obs.projection-gaps/1
    hash "sha256:f362ae90e2c22114a1066422f72a189d527f4f9dc60eeb8105c4d784206ad3fe"
}

resolution @sim.work.rewrite-projection/1 {
    slot part_of
    to @sys.milestone.m3-playable-day/1
    hash "sha256:0c2ead5dc00858b7e246209ca9a790cd51817dcd3eb63b2320ffeda7ea0a1a7e"
}

resolution @sys.assessment.m3-readiness/1 {
    slot scope
    to @sys.milestone.m3-playable-day/1
    hash "sha256:0c2ead5dc00858b7e246209ca9a790cd51817dcd3eb63b2320ffeda7ea0a1a7e"
}

resolution @sys.assessment.m3-readiness/1 {
    slot supported_by
    to @sim.obs.timestep-drift/1
    hash "sha256:0fb9d24785a0f58504d450acfaed49db17cf3fb1f5c0e4ed5bc701aca7f016a0"
}

resolution @sys.assessment.projection-gaps/1 {
    slot scope
    to @sys.milestone.m3-playable-day/1
    hash "sha256:0c2ead5dc00858b7e246209ca9a790cd51817dcd3eb63b2320ffeda7ea0a1a7e"
}

resolution @sys.assessment.projection-gaps/1 {
    slot supported_by
    to @sim.obs.projection-gaps/1
    hash "sha256:f362ae90e2c22114a1066422f72a189d527f4f9dc60eeb8105c4d784206ad3fe"
}

resolution @sys.decision.view-generation/1 {
    slot implements
    to @sys.policy.no-hand-edited-views/1
    hash "sha256:a949a51d769f3f4525df18bd4da9942f158c6129b8f38d558053b478073392e7"
}

resolution @sys.milestone.m1-walking-skeleton/1 {
    slot verified_by
    to @lege.evidence.boundary-lint-pass/1
    hash "sha256:6aa08e12ddcc29f4d89499461a40fd8d8972bbaa85fc9e40994f6204cff085a5"
}

resolution @sys.milestone.m2-deterministic-sim/1 {
    slot after
    to @sys.milestone.m1-walking-skeleton/1
    hash "sha256:e04f369abd4bab47ba8db057224eb657019abfc12ee99b3dab7e5c18e552dc04"
}

resolution @sys.milestone.m2-deterministic-sim/1 {
    slot depends_on
    to @sys.req.deterministic-sim/1
    hash "sha256:f40fb03ae6e7d83e4a9f03df9e30b323b32a97a0e8a110d00f55222ca477b543"
}

resolution @sys.milestone.m2-deterministic-sim/1 {
    slot verified_by
    to @sim.evidence.determinism-suite-pass/1
    hash "sha256:e02b549a1a061463d080eeb52c54c0a2039d8742c7f394be3c342724f63e62e8"
}

resolution @sys.milestone.m3-playable-day/1 {
    slot after
    to @sys.milestone.m2-deterministic-sim/1
    hash "sha256:16d7662f0af31f0427c96a30ec2cc9c6a7026472d37ff19f287c8a9568d4c668"
}

resolution @sys.milestone.m3-playable-day/1 {
    slot depends_on
    to @sys.term.playable-day/1
    hash "sha256:f174bb981d53d13941f2bdc3e8673910ef66a3ec2232259185fc7d754e395c5b"
}

resolution @sys.milestone.m3-playable-day/1 {
    slot verified_by
    to @sys.evidence.playable-day-demo/1
    hash "sha256:dd8bb6862960abd7d9b9751336558a9476151853b6708e69918ee4a429418ad1"
}

resolution @sys.milestone.m4-content-tools/1 {
    slot after
    to @sys.milestone.m3-playable-day/1
    hash "sha256:0c2ead5dc00858b7e246209ca9a790cd51817dcd3eb63b2320ffeda7ea0a1a7e"
}

resolution @sys.milestone.m5-ship-demo/1 {
    slot after
    to @sys.milestone.m4-content-tools/1
    hash "sha256:58d6a56f1ef15637592606ea1dc186fdc32bc4ba64bbc593adeab9c953668035"
}

resolution @sys.policy.tandem-work/1 {
    slot exceptions
    to @sys.track.lighting/1
    hash "sha256:12a8e42f96e249a9307adc7a3d6b35876750e603bc2a503e2f891a7e09410529"
}

resolution @sys.policy.tandem-work/1 {
    slot supported_by
    to @sys.assessment.projection-gaps/1
    hash "sha256:76670f562532cdd6fb5e4b5d2e0a80b32fd44dd8bfad7a563025497c8e619393"
}

resolution @sys.question.archive-legacy-docs/1 {
    slot depends_on
    to @sys.work.legacy-roadmap-import/1
    hash "sha256:9a8de1b8218eb4a9339ba7ed3611208f75dc4eb6dbfe5c603ca16642b7600772"
}

resolution @sys.req.deterministic-sim/1 {
    slot verified_by
    to @sim.evidence.determinism-suite-pass/1
    hash "sha256:e02b549a1a061463d080eeb52c54c0a2039d8742c7f394be3c342724f63e62e8"
}

resolution @sys.track.perf-watch/1 {
    slot depends_on
    to @sys.constraint.frame-budget-16ms/1
    hash "sha256:e46ae45146cb4b9e80dc51486484767759b5872f0c29ca6bc3c6c17f02f38061"
}

resolution @sys.track.tooling-hygiene/1 {
    slot depends_on
    to @sys.policy.no-hand-edited-views/1
    hash "sha256:a949a51d769f3f4525df18bd4da9942f158c6129b8f38d558053b478073392e7"
}

resolution @sys.work.legacy-roadmap-import/1 {
    slot part_of
    to @sys.track.tooling-hygiene/1
    hash "sha256:87e20c0e1ffa4a5f0cb8894026de5f8ce71dc0c9c79c69ce3dfe3e5c2d292807"
}

resolution @sys.work.m3-plan/1 {
    slot plan_of_record
    to @sys.milestone.m3-playable-day/1
    hash "sha256:0c2ead5dc00858b7e246209ca9a790cd51817dcd3eb63b2320ffeda7ea0a1a7e"
}

resolution @sys.work.m3-plan/2 {
    slot disposition
    to @sys.work.m3-audio-pass/1
    hash "sha256:97401bced95d22ecaf375a7deab29ed640ecd97cc8e496885558f95214efed5c"
}

resolution @sys.work.m3-plan/2 {
    slot disposition
    to @sys.work.m3-lighting-pass/1
    hash "sha256:75263c9b543ee5207e2340dba7024c170c5c89c4aeb13d2ca088032d3a6f9a58"
}

resolution @sys.work.m3-plan/2 {
    slot implements
    to @sys.policy.tandem-work/1
    hash "sha256:83b7cd31ff8d90e295e68c962aae2c4eca811ca5042e19c64f730ccb758dd914"
}

resolution @sys.work.m3-plan/2 {
    slot into
    to @sys.track.lighting/1
    hash "sha256:12a8e42f96e249a9307adc7a3d6b35876750e603bc2a503e2f891a7e09410529"
}

resolution @sys.work.m3-plan/2 {
    slot plan_of_record
    to @sys.milestone.m3-playable-day/1
    hash "sha256:0c2ead5dc00858b7e246209ca9a790cd51817dcd3eb63b2320ffeda7ea0a1a7e"
}

seal @lege.decision.renderer-boundary/1 {
    state superseded
    hash "sha256:7c5aa9f31875e8f11fd411ccc69565981e339c90fd91adb61f15586a137c4531"
}

seal @lege.decision.renderer-boundary/2 {
    state active
    hash "sha256:8223870cdc4e1c57619c88a94358f62c758f8491a760fae3d31ad92df397ce7c"
}

seal @lege.evidence.boundary-lint-pass/1 {
    state verified
    hash "sha256:6aa08e12ddcc29f4d89499461a40fd8d8972bbaa85fc9e40994f6204cff085a5"
}

seal @lege.obs.frame-budget-headroom/1 {
    state verified
    hash "sha256:14ac58845091f661a61b4425ba4982394e0f4bfdea4e04be40fa8fbe80ec8319"
}

seal @lege.obs.viewer-imports-engine/1 {
    state disproven
    hash "sha256:3523d4da98a864aba3c937e011ba70e3abf1629be196640a101940d45d59616d"
}

seal @lege.question.text-rendering-owner/1 {
    state resolved
    hash "sha256:6e93529ad81704f5724ee6e4981ecd7e80f8d6b9c08aea6b7660ab1fcfb30553"
}

seal @lege.req.no-engine-types-in-viewer/1 {
    state active
    hash "sha256:603a33db27af561b7c2d5c08372a7f303e240e4cf0307a4a45ec33bbbbb199a7"
}

seal @lege.term.renderer-boundary/1 {
    state active
    hash "sha256:a725d141974d111440ad9e4d81bc5e59de4e1fa1cfbf936d48bba64addc0d565"
}

seal @lege.work.extract-render-graph/1 {
    state active
    hash "sha256:075837611186c10703399f12fff910f04c701f2777860d89477ac7ecc3ca1f4d"
}

seal @sim.evidence.determinism-suite-pass/1 {
    state verified
    hash "sha256:e02b549a1a061463d080eeb52c54c0a2039d8742c7f394be3c342724f63e62e8"
}

seal @sim.obs.projection-gaps/1 {
    state verified
    hash "sha256:f362ae90e2c22114a1066422f72a189d527f4f9dc60eeb8105c4d784206ad3fe"
}

seal @sim.obs.timestep-drift/1 {
    state verified
    hash "sha256:0fb9d24785a0f58504d450acfaed49db17cf3fb1f5c0e4ed5bc701aca7f016a0"
}

seal @sim.question.timestep-vs-budget/1 {
    state open
    hash "sha256:c1f75bc5ee69d914e078307e8560e8052e632b8e31eea64f7f8e9eacc9651447"
}

seal @sim.req.fixed-timestep/1 {
    state active
    hash "sha256:226f6bb356120de7257b67f72e34621ab28d8e7936eef62bbb3ba3b9ce750743"
}

seal @sim.work.rewrite-projection/1 {
    state blocked
    hash "sha256:41f7bd37ef4d34e2f0ae18799549e54f38e3fb1ebf3398b06de22906dddd6ca0"
}

seal @sys.assessment.m3-readiness/1 {
    state verified
    hash "sha256:16f39721608f7bd740926ce998d139719bafcdae7079d8a57971e13a41fe3717"
}

seal @sys.assessment.projection-gaps/1 {
    state verified
    hash "sha256:76670f562532cdd6fb5e4b5d2e0a80b32fd44dd8bfad7a563025497c8e619393"
}

seal @sys.constraint.frame-budget-16ms/1 {
    state active
    hash "sha256:e46ae45146cb4b9e80dc51486484767759b5872f0c29ca6bc3c6c17f02f38061"
}

seal @sys.constraint.single-threaded-sim/1 {
    state active
    hash "sha256:49c0628010946ba71d9d09b3804a31361da62066bccb74c95a35efb92720ddea"
}

seal @sys.decision.view-generation/1 {
    state active
    hash "sha256:3842dadb05b442b063e6a03a1c6315ee567cfefc57a72d525b69ae0f9c378c48"
}

seal @sys.evidence.playable-day-demo/1 {
    state verified
    hash "sha256:dd8bb6862960abd7d9b9751336558a9476151853b6708e69918ee4a429418ad1"
}

seal @sys.milestone.m1-walking-skeleton/1 {
    state completed
    hash "sha256:e04f369abd4bab47ba8db057224eb657019abfc12ee99b3dab7e5c18e552dc04"
}

seal @sys.milestone.m2-deterministic-sim/1 {
    state completed
    hash "sha256:16d7662f0af31f0427c96a30ec2cc9c6a7026472d37ff19f287c8a9568d4c668"
}

seal @sys.milestone.m3-playable-day/1 {
    state active
    hash "sha256:0c2ead5dc00858b7e246209ca9a790cd51817dcd3eb63b2320ffeda7ea0a1a7e"
}

seal @sys.milestone.m4-content-tools/1 {
    state ready
    hash "sha256:58d6a56f1ef15637592606ea1dc186fdc32bc4ba64bbc593adeab9c953668035"
}

seal @sys.policy.no-hand-edited-views/1 {
    state active
    hash "sha256:a949a51d769f3f4525df18bd4da9942f158c6129b8f38d558053b478073392e7"
}

seal @sys.policy.tandem-work/1 {
    state active
    hash "sha256:83b7cd31ff8d90e295e68c962aae2c4eca811ca5042e19c64f730ccb758dd914"
}

seal @sys.policy.weekly-demo/1 {
    state withdrawn
    hash "sha256:d76614c6f0c886c3139587964a17e2c4c16b99c521b57108968ac0036212f4b2"
}

seal @sys.question.archive-legacy-docs/1 {
    state deferred
    hash "sha256:89663af5af00a43e3e92e1f67c59d2bdaa6a3f63ff0f1e96a295030d38517fd6"
}

seal @sys.req.deterministic-sim/1 {
    state active
    hash "sha256:f40fb03ae6e7d83e4a9f03df9e30b323b32a97a0e8a110d00f55222ca477b543"
}

seal @sys.term.playable-day/1 {
    state active
    hash "sha256:f174bb981d53d13941f2bdc3e8673910ef66a3ec2232259185fc7d754e395c5b"
}

seal @sys.term.tandem-work/1 {
    state active
    hash "sha256:0c9bd0b28b7330715d58268b44d3cdee748a73bbf7e984d742346e5f767aee03"
}

seal @sys.track.lighting/1 {
    state active
    hash "sha256:12a8e42f96e249a9307adc7a3d6b35876750e603bc2a503e2f891a7e09410529"
}

seal @sys.track.perf-watch/1 {
    state active
    hash "sha256:2ffc75c8cf0d902217e54f226ff133a8cdc9db9a7e894b437fb5a49f1974420f"
}

seal @sys.track.tooling-hygiene/1 {
    state active
    hash "sha256:87e20c0e1ffa4a5f0cb8894026de5f8ce71dc0c9c79c69ce3dfe3e5c2d292807"
}

seal @sys.work.m3-audio-pass/1 {
    state ready
    hash "sha256:97401bced95d22ecaf375a7deab29ed640ecd97cc8e496885558f95214efed5c"
}

seal @sys.work.m3-lighting-pass/1 {
    state ready
    hash "sha256:75263c9b543ee5207e2340dba7024c170c5c89c4aeb13d2ca088032d3a6f9a58"
}

seal @sys.work.m3-plan/1 {
    state superseded
    hash "sha256:7351e2a68acdb75e89e5e3eb93c7836bc005110ed6fc2d6ffb4a9484ef7e6e62"
}

seal @sys.work.m3-plan/2 {
    state active
    hash "sha256:1026144ace229537372eb0fd46ad91e2725e842f6d2de2a509ce45650a957fb5"
}
