akr-lock 0.1
project akr

build {
    tool "akr 0.1.0"
    grammar "0.1"
    vocabulary "0.1"
    commit git:2c639edb09a2f4bf45c39451a88e878a1063f7e4
    source_graph "sha256:0218d75af6cd33fc033c82cd3f30db8affbaab229bae60b1ad95f2e76df8816c"
}

source ".akr/project.akr" {
    hash "sha256:45de78bc3edc2ee5cf00c83e24c72dcd46bafca91cd2c8f96ccf964628eb7078"
    records 0
}

source ".akr/records/akr/evidence.akr" {
    hash "sha256:8702dabc10402b6167067492d923fee5827ca788223771e16b4e335a1d2a459d"
    records 3
}

source ".akr/records/akr/papercuts.akr" {
    hash "sha256:b4fc7bbb3f6b22ddb5fc40d9984585f2c297d54a8a1858679eade73f78d58340"
    records 6
}

source ".akr/records/akr/work.akr" {
    hash "sha256:e5b3d2bdc6ee2ea102a039d852de9ab5769f338d7433e04ad53667ac8f53940a"
    records 1
}

seal @akr.evidence.fmt-clean/1 {
    state verified
    hash "sha256:d50b14e471eaad51531288be9279dcd1dd1dc305d31f4c5b6f796f2e7e8dd735"
}

seal @akr.evidence.mcp-help-parity/1 {
    state verified
    hash "sha256:39662a5cdd4cad122fa7e75e9b759ab8cba1d49b83518613806e5a804ba1f29f"
}

seal @akr.evidence.search-stale-warning/1 {
    state verified
    hash "sha256:7b554238825972436b05387c7a0eb3cc3f78fd703e3464c47fe242c21b4e6a56"
}

seal @akr.papercut.bug-needs-a-decision-d-028-is-incomplete/1 {
    state verified
    hash "sha256:8abf2ab1c4c01de128abb8f416a010003c2fbceafde354c4208ae1c0831904ea"
}

seal @akr.papercut.calling-the-knowledge-papercut-mcp-tool/1 {
    state verified
    hash "sha256:403655d45da62f0bc0483e12eb2e5bd69b71ddf56e826e4b0e840487ecdf4b32"
}

seal @akr.papercut.cargo-fmt-check-fails-on-the-committed-tree/1 {
    state verified
    hash "sha256:f664184b56b7cc3cbcc71b18c54dca3acfc21b0797acf7074dce53611d9dc460"
}

seal @akr.papercut.historical-port-design-gap-recovered-from-a/1 {
    state verified
    hash "sha256:19ca91b5b1f94820579e6a6eb83857fe7e50eacbfa752c27690bc76ab143c3f6"
}

seal @akr.papercut.root-cause-of-the-discoverability-miss-the-cli/1 {
    state verified
    hash "sha256:3df9020ccaf0c3b5bba4beb1acd86b228f910d068788b3c09bd75c92160fe116"
}

seal @akr.papercut.the-akr-mcp-knowledge-tools-failed-with-akr/1 {
    state verified
    hash "sha256:1d38039f00047d9cce03276aa70e65a4d06fdc52449b32db962cfb471b44b35c"
}

seal @akr.work.mcp-help-and-format-cleanup/1 {
    state completed
    hash "sha256:6ec3f8025071b815645417cb0c92fe2c9e8b56a16603386f2e9fd91242665063"
}
